
Microsoft Visual Studio Solution File, Format Version 12.00
# Visual Studio Version 16
VisualStudioVersion = 16.0.31911.196
MinimumVisualStudioVersion = 10.0.40219.1
Project("{2150E333-8FDC-42A3-9474-1A3956D46DE8}") = "Services", "Services", "{E6616223-4276-4617-B692-2984AADEE2AB}"
EndProject
Project("{2150E333-8FDC-42A3-9474-1A3956D46DE8}") = "Catalog", "Catalog", "{01FD134F-753A-4273-A492-B0F9D21E0E99}"
EndProject
Project("{FAE04EC0-301F-11D3-BF4B-00C04F79EFBC}") = "Catalog.API", "Services\Catalog\Catalog.API\Catalog.API.csproj", "{02073DA2-F98D-4464-B073-01348989F5EB}"
EndProject
Global
	GlobalSection(SolutionConfigurationPlatforms) = preSolution
		Debug|Any CPU = Debug|Any CPU
		Release|Any CPU = Release|Any CPU
	EndGlobalSection
	GlobalSection(ProjectConfigurationPlatforms) = postSolution
		{02073DA2-F98D-4464-B073-01348989F5EB}.Debug|Any CPU.ActiveCfg = Debug|Any CPU
		{02073DA2-F98D-4464-B073-01348989F5EB}.Debug|Any CPU.Build.0 = Debug|Any CPU
		{02073DA2-F98D-4464-B073-01348989F5EB}.Release|Any CPU.ActiveCfg = Release|Any CPU
		{02073DA2-F98D-4464-B073-01348989F5EB}.Release|Any CPU.Build.0 = Release|Any CPU
	EndGlobalSection
	GlobalSection(SolutionProperties) = preSolution
		HideSolutionNode = FALSE
	EndGlobalSection
	GlobalSection(NestedProjects) = preSolution
		{01FD134F-753A-4273-A492-B0F9D21E0E99} = {E6616223-4276-4617-B692-2984AADEE2AB}
		{02073DA2-F98D-4464-B073-01348989F5EB} = {01FD134F-753A-4273-A492-B0F9D21E0E99}
	EndGlobalSection
	GlobalSection(ExtensibilityGlobals) = postSolution
		SolutionGuid = {EE8E8F61-15D1-406C-80BE-92B81C0ABA73}
	EndGlobalSection
EndGlobal
